/data/virushunter/RNAviruses/test_SRA_n3/results/ERR489193/final.hits.tsv
/data/virushunter/RNAviruses/test_SRA_n3/results/DRR067307/final.hits.tsv
/data/virushunter/RNAviruses/test_SRA_n3/results/ERR1630605/final.hits.tsv
/data/tests/SRA_n3/ERR489193.fastq.gz
/data/tests/SRA_n3/DRR067307.fastq.gz
/data/tests/SRA_n3/ERR1630605.fastq.gz
